
Microsoft Visual Studio Solution File, Format Version 12.00
# Visual Studio Version 17
VisualStudioVersion = 17.8.34511.84
MinimumVisualStudioVersion = 10.0.40219.1
Project("{FAE04EC0-301F-11D3-BF4B-00C04F79EFBC}") = "ConsoleApp1", "ConsoleApp1\ConsoleApp1.csproj", "{87899693-246C-4F01-AABB-D5D179A393D2}"
EndProject
Global
	GlobalSection(SolutionConfigurationPlatforms) = preSolution
		Debug|Any CPU = Debug|Any CPU
		Release|Any CPU = Release|Any CPU
	EndGlobalSection
	GlobalSection(ProjectConfigurationPlatforms) = postSolution
		{87899693-246C-4F01-AABB-D5D179A393D2}.Debug|Any CPU.ActiveCfg = Debug|Any CPU
		{87899693-246C-4F01-AABB-D5D179A393D2}.Debug|Any CPU.Build.0 = Debug|Any CPU
		{87899693-246C-4F01-AABB-D5D179A393D2}.Release|Any CPU.ActiveCfg = Release|Any CPU
		{87899693-246C-4F01-AABB-D5D179A393D2}.Release|Any CPU.Build.0 = Release|Any CPU
	EndGlobalSection
	GlobalSection(SolutionProperties) = preSolution
		HideSolutionNode = FALSE
	EndGlobalSection
	GlobalSection(ExtensibilityGlobals) = postSolution
		SolutionGuid = {A8EA5A61-0914-4C1C-A30C-45F3918CCDF6}
	EndGlobalSection
EndGlobal
